
Microsoft Visual Studio Solution File, Format Version 12.00
Project("{2150E333-8FDC-42A3-9474-1A3956D46DE8}") = "1.GettingStarted", "1.GettingStarted", "{437837AA-AECD-4F38-BBB5-AE8873E1DCCC}"
EndProject
Project("{2150E333-8FDC-42A3-9474-1A3956D46DE8}") = "Helpers", "Helpers", "{E206559B-5371-451B-AD2E-D5E304174D51}"
	ProjectSection(SolutionItems) = preProject
		Helpers\Course.postman_collection.json = Helpers\Course.postman_collection.json
		Helpers\movies.json = Helpers\movies.json
	EndProjectSection
EndProject
Project("{FAE04EC0-301F-11D3-BF4B-00C04F79EFBC}") = "Movies.Api", "1.GettingStarted\Movies.Api\Movies.Api.csproj", "{5F67A488-3747-493A-9F82-DF6082D686F2}"
EndProject
Project("{FAE04EC0-301F-11D3-BF4B-00C04F79EFBC}") = "Movies.Application", "1.GettingStarted\Movies.Application\Movies.Application.csproj", "{46BCBFD6-D4A5-48AB-A0E0-ABBEA8CAE2ED}"
EndProject
Project("{FAE04EC0-301F-11D3-BF4B-00C04F79EFBC}") = "Movies.Contracts", "1.GettingStarted\Movies.Contracts\Movies.Contracts.csproj", "{EAABC916-D2E8-4997-9FC0-2E10AA14EFCE}"
EndProject
Project("{2150E333-8FDC-42A3-9474-1A3956D46DE8}") = "2.BeyondTheBasics", "2.BeyondTheBasics", "{2A390FF3-AE55-4086-9739-261DA39BBFC3}"
EndProject
Project("{FAE04EC0-301F-11D3-BF4B-00C04F79EFBC}") = "Movies.Api", "2.BeyondTheBasics\Movies.Api\Movies.Api.csproj", "{7591F538-5744-4387-9DF1-158821337234}"
EndProject
Project("{FAE04EC0-301F-11D3-BF4B-00C04F79EFBC}") = "Movies.Application", "2.BeyondTheBasics\Movies.Application\Movies.Application.csproj", "{A284C418-5580-4F56-97DA-2F5ECAB3C866}"
EndProject
Project("{FAE04EC0-301F-11D3-BF4B-00C04F79EFBC}") = "Movies.Contracts", "2.BeyondTheBasics\Movies.Contracts\Movies.Contracts.csproj", "{AF083EFF-B45B-4E97-94F4-72C708FBF34C}"
EndProject
Global
	GlobalSection(SolutionConfigurationPlatforms) = preSolution
		Debug|Any CPU = Debug|Any CPU
		Release|Any CPU = Release|Any CPU
	EndGlobalSection
	GlobalSection(NestedProjects) = preSolution
		{5F67A488-3747-493A-9F82-DF6082D686F2} = {437837AA-AECD-4F38-BBB5-AE8873E1DCCC}
		{46BCBFD6-D4A5-48AB-A0E0-ABBEA8CAE2ED} = {437837AA-AECD-4F38-BBB5-AE8873E1DCCC}
		{EAABC916-D2E8-4997-9FC0-2E10AA14EFCE} = {437837AA-AECD-4F38-BBB5-AE8873E1DCCC}
		{7591F538-5744-4387-9DF1-158821337234} = {2A390FF3-AE55-4086-9739-261DA39BBFC3}
		{A284C418-5580-4F56-97DA-2F5ECAB3C866} = {2A390FF3-AE55-4086-9739-261DA39BBFC3}
		{AF083EFF-B45B-4E97-94F4-72C708FBF34C} = {2A390FF3-AE55-4086-9739-261DA39BBFC3}
	EndGlobalSection
	GlobalSection(ProjectConfigurationPlatforms) = postSolution
		{5F67A488-3747-493A-9F82-DF6082D686F2}.Debug|Any CPU.ActiveCfg = Debug|Any CPU
		{5F67A488-3747-493A-9F82-DF6082D686F2}.Debug|Any CPU.Build.0 = Debug|Any CPU
		{5F67A488-3747-493A-9F82-DF6082D686F2}.Release|Any CPU.ActiveCfg = Release|Any CPU
		{5F67A488-3747-493A-9F82-DF6082D686F2}.Release|Any CPU.Build.0 = Release|Any CPU
		{46BCBFD6-D4A5-48AB-A0E0-ABBEA8CAE2ED}.Debug|Any CPU.ActiveCfg = Debug|Any CPU
		{46BCBFD6-D4A5-48AB-A0E0-ABBEA8CAE2ED}.Debug|Any CPU.Build.0 = Debug|Any CPU
		{46BCBFD6-D4A5-48AB-A0E0-ABBEA8CAE2ED}.Release|Any CPU.ActiveCfg = Release|Any CPU
		{46BCBFD6-D4A5-48AB-A0E0-ABBEA8CAE2ED}.Release|Any CPU.Build.0 = Release|Any CPU
		{EAABC916-D2E8-4997-9FC0-2E10AA14EFCE}.Debug|Any CPU.ActiveCfg = Debug|Any CPU
		{EAABC916-D2E8-4997-9FC0-2E10AA14EFCE}.Debug|Any CPU.Build.0 = Debug|Any CPU
		{EAABC916-D2E8-4997-9FC0-2E10AA14EFCE}.Release|Any CPU.ActiveCfg = Release|Any CPU
		{EAABC916-D2E8-4997-9FC0-2E10AA14EFCE}.Release|Any CPU.Build.0 = Release|Any CPU
		{7591F538-5744-4387-9DF1-158821337234}.Debug|Any CPU.ActiveCfg = Debug|Any CPU
		{7591F538-5744-4387-9DF1-158821337234}.Debug|Any CPU.Build.0 = Debug|Any CPU
		{7591F538-5744-4387-9DF1-158821337234}.Release|Any CPU.ActiveCfg = Release|Any CPU
		{7591F538-5744-4387-9DF1-158821337234}.Release|Any CPU.Build.0 = Release|Any CPU
		{A284C418-5580-4F56-97DA-2F5ECAB3C866}.Debug|Any CPU.ActiveCfg = Debug|Any CPU
		{A284C418-5580-4F56-97DA-2F5ECAB3C866}.Debug|Any CPU.Build.0 = Debug|Any CPU
		{A284C418-5580-4F56-97DA-2F5ECAB3C866}.Release|Any CPU.ActiveCfg = Release|Any CPU
		{A284C418-5580-4F56-97DA-2F5ECAB3C866}.Release|Any CPU.Build.0 = Release|Any CPU
		{AF083EFF-B45B-4E97-94F4-72C708FBF34C}.Debug|Any CPU.ActiveCfg = Debug|Any CPU
		{AF083EFF-B45B-4E97-94F4-72C708FBF34C}.Debug|Any CPU.Build.0 = Debug|Any CPU
		{AF083EFF-B45B-4E97-94F4-72C708FBF34C}.Release|Any CPU.ActiveCfg = Release|Any CPU
		{AF083EFF-B45B-4E97-94F4-72C708FBF34C}.Release|Any CPU.Build.0 = Release|Any CPU
	EndGlobalSection
EndGlobal
